// !$*UTF8*$!
{
	archiveVersion = 1;
	classes = {
	};
	objectVersion = 50;
	objects = {

/* Begin PBXBuildFile section */
		DB116BD621D11BCB0070F13D /* TaskListController.swift in Sources */ = {isa = PBXBuildFile; fileRef = DB116BD521D11BCB0070F13D /* TaskListController.swift */; };
		DBB9A82F21CC110E00129C92 /* AppDelegate.swift in Sources */ = {isa = PBXBuildFile; fileRef = DBB9A82E21CC110E00129C92 /* AppDelegate.swift */; };
		DBB9A83121CC110E00129C92 /* TaskDetailsController.swift in Sources */ = {isa = PBXBuildFile; fileRef = DBB9A83021CC110E00129C92 /* TaskDetailsController.swift */; };
		DBB9A83421CC110E00129C92 /* Main.storyboard in Resources */ = {isa = PBXBuildFile; fileRef = DBB9A83221CC110E00129C92 /* Main.storyboard */; };
		DBB9A83721CC110E00129C92 /* jbplanner.xcdatamodeld in Sources */ = {isa = PBXBuildFile; fileRef = DBB9A83521CC110E00129C92 /* jbplanner.xcdatamodeld */; };
		DBB9A83921CC111400129C92 /* Assets.xcassets in Resources */ = {isa = PBXBuildFile; fileRef = DBB9A83821CC111400129C92 /* Assets.xcassets */; };
		DBB9A83C21CC111400129C92 /* LaunchScreen.storyboard in Resources */ = {isa = PBXBuildFile; fileRef = DBB9A83A21CC111400129C92 /* LaunchScreen.storyboard */; };
		DBCCEAF521D77B3C00ABFCF3 /* DateExtension.swift in Sources */ = {isa = PBXBuildFile; fileRef = DBCCEAF421D77B3C00ABFCF3 /* DateExtension.swift */; };
		DBCCEAF721D77D6400ABFCF3 /* TaskExtension.swift in Sources */ = {isa = PBXBuildFile; fileRef = DBCCEAF621D77D6400ABFCF3 /* TaskExtension.swift */; };
		DBCCEAFA21D783D800ABFCF3 /* Db.swift in Sources */ = {isa = PBXBuildFile; fileRef = DBCCEAF921D783D800ABFCF3 /* Db.swift */; };
		DBCCEB0521DA145C00ABFCF3 /* CategoryDaoDbImpl.swift in Sources */ = {isa = PBXBuildFile; fileRef = DBCCEB0421DA145C00ABFCF3 /* CategoryDaoDbImpl.swift */; };
		DBCCEB0721DA16BA00ABFCF3 /* TaskDaoDbImpl.swift in Sources */ = {isa = PBXBuildFile; fileRef = DBCCEB0621DA16BA00ABFCF3 /* TaskDaoDbImpl.swift */; };
		DBCCEB0921DA175900ABFCF3 /* PriorityDaoDbImpl.swift in Sources */ = {isa = PBXBuildFile; fileRef = DBCCEB0821DA175900ABFCF3 /* PriorityDaoDbImpl.swift */; };
		DBCCEB0B21DA208800ABFCF3 /* Crud.swift in Sources */ = {isa = PBXBuildFile; fileRef = DBCCEB0A21DA208800ABFCF3 /* Crud.swift */; };
		DBCCEB0D21DA23CA00ABFCF3 /* CrudExtension.swift in Sources */ = {isa = PBXBuildFile; fileRef = DBCCEB0C21DA23CA00ABFCF3 /* CrudExtension.swift */; };
		DBCCEB0F21DE24F600ABFCF3 /* TaskNameCell.swift in Sources */ = {isa = PBXBuildFile; fileRef = DBCCEB0E21DE24F600ABFCF3 /* TaskNameCell.swift */; };
		DBCCEB1121DE25CD00ABFCF3 /* TaskCategoryCell.swift in Sources */ = {isa = PBXBuildFile; fileRef = DBCCEB1021DE25CD00ABFCF3 /* TaskCategoryCell.swift */; };
		DBCCEB1321DE2CC300ABFCF3 /* TaskPriorityCell.swift in Sources */ = {isa = PBXBuildFile; fileRef = DBCCEB1221DE2CC300ABFCF3 /* TaskPriorityCell.swift */; };
		DBCCEB1521DE2CD600ABFCF3 /* TaskDeadlineCell.swift in Sources */ = {isa = PBXBuildFile; fileRef = DBCCEB1421DE2CD600ABFCF3 /* TaskDeadlineCell.swift */; };
		DBCCEB1721DE2CE800ABFCF3 /* TaskInfoCell.swift in Sources */ = {isa = PBXBuildFile; fileRef = DBCCEB1621DE2CE800ABFCF3 /* TaskInfoCell.swift */; };
		DBCCEB1C21E20C0200ABFCF3 /* ActionResultDelegate.swift in Sources */ = {isa = PBXBuildFile; fileRef = DBCCEB1B21E20C0200ABFCF3 /* ActionResultDelegate.swift */; };
		DBCCEB1F21E22BEB00ABFCF3 /* CategoryListController.swift in Sources */ = {isa = PBXBuildFile; fileRef = DBCCEB1E21E22BEB00ABFCF3 /* CategoryListController.swift */; };
		DBCCEB2121E22C4C00ABFCF3 /* CategoryListCell.swift in Sources */ = {isa = PBXBuildFile; fileRef = DBCCEB2021E22C4C00ABFCF3 /* CategoryListCell.swift */; };
		DBCCEB2321E2358500ABFCF3 /* PriorityListController.swift in Sources */ = {isa = PBXBuildFile; fileRef = DBCCEB2221E2358500ABFCF3 /* PriorityListController.swift */; };
		DBCCEB2521E2364500ABFCF3 /* PriorityListCell.swift in Sources */ = {isa = PBXBuildFile; fileRef = DBCCEB2421E2364500ABFCF3 /* PriorityListCell.swift */; };
		DBE783A721D26FE800512370 /* TaskListCell.swift in Sources */ = {isa = PBXBuildFile; fileRef = DBE783A621D26FE800512370 /* TaskListCell.swift */; };
/* End PBXBuildFile section */

/* Begin PBXFileReference section */
		DB116BD521D11BCB0070F13D /* TaskListController.swift */ = {isa = PBXFileReference; lastKnownFileType = sourcecode.swift; name = TaskListController.swift; path = jbplanner/Controllers/List/TaskListController.swift; sourceTree = SOURCE_ROOT; };
		DBB9A82B21CC110E00129C92 /* jbplanner.app */ = {isa = PBXFileReference; explicitFileType = wrapper.application; includeInIndex = 0; path = jbplanner.app; sourceTree = BUILT_PRODUCTS_DIR; };
		DBB9A82E21CC110E00129C92 /* AppDelegate.swift */ = {isa = PBXFileReference; lastKnownFileType = sourcecode.swift; path = AppDelegate.swift; sourceTree = "<group>"; };
		DBB9A83021CC110E00129C92 /* TaskDetailsController.swift */ = {isa = PBXFileReference; lastKnownFileType = sourcecode.swift; path = TaskDetailsController.swift; sourceTree = "<group>"; };
		DBB9A83321CC110E00129C92 /* Base */ = {isa = PBXFileReference; lastKnownFileType = file.storyboard; name = Base; path = Base.lproj/Main.storyboard; sourceTree = "<group>"; };
		DBB9A83621CC110E00129C92 /* jbplanner.xcdatamodel */ = {isa = PBXFileReference; lastKnownFileType = wrapper.xcdatamodel; path = jbplanner.xcdatamodel; sourceTree = "<group>"; };
		DBB9A83821CC111400129C92 /* Assets.xcassets */ = {isa = PBXFileReference; lastKnownFileType = folder.assetcatalog; path = Assets.xcassets; sourceTree = "<group>"; };
		DBB9A83B21CC111400129C92 /* Base */ = {isa = PBXFileReference; lastKnownFileType = file.storyboard; name = Base; path = Base.lproj/LaunchScreen.storyboard; sourceTree = "<group>"; };
		DBB9A83D21CC111400129C92 /* Info.plist */ = {isa = PBXFileReference; lastKnownFileType = text.plist.xml; path = Info.plist; sourceTree = "<group>"; };
		DBCCEAF421D77B3C00ABFCF3 /* DateExtension.swift */ = {isa = PBXFileReference; lastKnownFileType = sourcecode.swift; path = DateExtension.swift; sourceTree = "<group>"; };
		DBCCEAF621D77D6400ABFCF3 /* TaskExtension.swift */ = {isa = PBXFileReference; lastKnownFileType = sourcecode.swift; path = TaskExtension.swift; sourceTree = "<group>"; };
		DBCCEAF921D783D800ABFCF3 /* Db.swift */ = {isa = PBXFileReference; lastKnownFileType = sourcecode.swift; path = Db.swift; sourceTree = "<group>"; };
		DBCCEB0421DA145C00ABFCF3 /* CategoryDaoDbImpl.swift */ = {isa = PBXFileReference; lastKnownFileType = sourcecode.swift; path = CategoryDaoDbImpl.swift; sourceTree = "<group>"; };
		DBCCEB0621DA16BA00ABFCF3 /* TaskDaoDbImpl.swift */ = {isa = PBXFileReference; lastKnownFileType = sourcecode.swift; path = TaskDaoDbImpl.swift; sourceTree = "<group>"; };
		DBCCEB0821DA175900ABFCF3 /* PriorityDaoDbImpl.swift */ = {isa = PBXFileReference; lastKnownFileType = sourcecode.swift; path = PriorityDaoDbImpl.swift; sourceTree = "<group>"; };
		DBCCEB0A21DA208800ABFCF3 /* Crud.swift */ = {isa = PBXFileReference; lastKnownFileType = sourcecode.swift; path = Crud.swift; sourceTree = "<group>"; };
		DBCCEB0C21DA23CA00ABFCF3 /* CrudExtension.swift */ = {isa = PBXFileReference; lastKnownFileType = sourcecode.swift; path = CrudExtension.swift; sourceTree = "<group>"; };
		DBCCEB0E21DE24F600ABFCF3 /* TaskNameCell.swift */ = {isa = PBXFileReference; lastKnownFileType = sourcecode.swift; path = TaskNameCell.swift; sourceTree = "<group>"; };
		DBCCEB1021DE25CD00ABFCF3 /* TaskCategoryCell.swift */ = {isa = PBXFileReference; lastKnownFileType = sourcecode.swift; path = TaskCategoryCell.swift; sourceTree = "<group>"; };
		DBCCEB1221DE2CC300ABFCF3 /* TaskPriorityCell.swift */ = {isa = PBXFileReference; lastKnownFileType = sourcecode.swift; path = TaskPriorityCell.swift; sourceTree = "<group>"; };
		DBCCEB1421DE2CD600ABFCF3 /* TaskDeadlineCell.swift */ = {isa = PBXFileReference; lastKnownFileType = sourcecode.swift; path = TaskDeadlineCell.swift; sourceTree = "<group>"; };
		DBCCEB1621DE2CE800ABFCF3 /* TaskInfoCell.swift */ = {isa = PBXFileReference; lastKnownFileType = sourcecode.swift; path = TaskInfoCell.swift; sourceTree = "<group>"; };
		DBCCEB1B21E20C0200ABFCF3 /* ActionResultDelegate.swift */ = {isa = PBXFileReference; lastKnownFileType = sourcecode.swift; path = ActionResultDelegate.swift; sourceTree = "<group>"; };
		DBCCEB1E21E22BEB00ABFCF3 /* CategoryListController.swift */ = {isa = PBXFileReference; lastKnownFileType = sourcecode.swift; path = CategoryListController.swift; sourceTree = "<group>"; };
		DBCCEB2021E22C4C00ABFCF3 /* CategoryListCell.swift */ = {isa = PBXFileReference; lastKnownFileType = sourcecode.swift; path = CategoryListCell.swift; sourceTree = "<group>"; };
		DBCCEB2221E2358500ABFCF3 /* PriorityListController.swift */ = {isa = PBXFileReference; lastKnownFileType = sourcecode.swift; path = PriorityListController.swift; sourceTree = "<group>"; };
		DBCCEB2421E2364500ABFCF3 /* PriorityListCell.swift */ = {isa = PBXFileReference; lastKnownFileType = sourcecode.swift; path = PriorityListCell.swift; sourceTree = "<group>"; };
		DBE783A621D26FE800512370 /* TaskListCell.swift */ = {isa = PBXFileReference; lastKnownFileType = sourcecode.swift; path = TaskListCell.swift; sourceTree = "<group>"; };
/* End PBXFileReference section */

/* Begin PBXFrameworksBuildPhase section */
		DBB9A82821CC110E00129C92 /* Frameworks */ = {
			isa = PBXFrameworksBuildPhase;
			buildActionMask = 2147483647;
			files = (
			);
			runOnlyForDeploymentPostprocessing = 0;
		};
/* End PBXFrameworksBuildPhase section */

/* Begin PBXGroup section */
		DB116BD221D11AF00070F13D /* Controllers */ = {
			isa = PBXGroup;
			children = (
				DBCCEB1D21E22BA200ABFCF3 /* TaskDetails */,
				DB116BD321D11B080070F13D /* List */,
			);
			path = Controllers;
			sourceTree = "<group>";
		};
		DB116BD321D11B080070F13D /* List */ = {
			isa = PBXGroup;
			children = (
				DB116BD521D11BCB0070F13D /* TaskListController.swift */,
				DBCCEB1E21E22BEB00ABFCF3 /* CategoryListController.swift */,
				DBCCEB2221E2358500ABFCF3 /* PriorityListController.swift */,
			);
			path = List;
			sourceTree = "<group>";
		};
		DB116BD421D11B4B0070F13D /* Storyboards */ = {
			isa = PBXGroup;
			children = (
				DBB9A83221CC110E00129C92 /* Main.storyboard */,
				DBB9A83A21CC111400129C92 /* LaunchScreen.storyboard */,
			);
			path = Storyboards;
			sourceTree = "<group>";
		};
		DBB9A82221CC110E00129C92 = {
			isa = PBXGroup;
			children = (
				DBB9A82D21CC110E00129C92 /* jbplanner */,
				DBB9A82C21CC110E00129C92 /* Products */,
			);
			sourceTree = "<group>";
		};
		DBB9A82C21CC110E00129C92 /* Products */ = {
			isa = PBXGroup;
			children = (
				DBB9A82B21CC110E00129C92 /* jbplanner.app */,
			);
			name = Products;
			sourceTree = "<group>";
		};
		DBB9A82D21CC110E00129C92 /* jbplanner */ = {
			isa = PBXGroup;
			children = (
				DBCCEB1A21E20BDE00ABFCF3 /* Delegates */,
				DBCCEAFD21DA10DF00ABFCF3 /* DaoImplementation */,
				DBCCEAFC21DA10D300ABFCF3 /* DAO */,
				DBCCEAF821D783C700ABFCF3 /* DB */,
				DBCCEAF321D77B2400ABFCF3 /* Extensions */,
				DBE783A521D26FAC00512370 /* Cells */,
				DB116BD421D11B4B0070F13D /* Storyboards */,
				DB116BD221D11AF00070F13D /* Controllers */,
				DBB9A82E21CC110E00129C92 /* AppDelegate.swift */,
				DBB9A83821CC111400129C92 /* Assets.xcassets */,
				DBB9A83D21CC111400129C92 /* Info.plist */,
				DBB9A83521CC110E00129C92 /* jbplanner.xcdatamodeld */,
			);
			path = jbplanner;
			sourceTree = "<group>";
		};
		DBCCEAF321D77B2400ABFCF3 /* Extensions */ = {
			isa = PBXGroup;
			children = (
				DBCCEAF421D77B3C00ABFCF3 /* DateExtension.swift */,
				DBCCEAF621D77D6400ABFCF3 /* TaskExtension.swift */,
				DBCCEB0C21DA23CA00ABFCF3 /* CrudExtension.swift */,
			);
			path = Extensions;
			sourceTree = "<group>";
		};
		DBCCEAF821D783C700ABFCF3 /* DB */ = {
			isa = PBXGroup;
			children = (
				DBCCEAF921D783D800ABFCF3 /* Db.swift */,
			);
			path = DB;
			sourceTree = "<group>";
		};
		DBCCEAFC21DA10D300ABFCF3 /* DAO */ = {
			isa = PBXGroup;
			children = (
				DBCCEB0A21DA208800ABFCF3 /* Crud.swift */,
			);
			path = DAO;
			sourceTree = "<group>";
		};
		DBCCEAFD21DA10DF00ABFCF3 /* DaoImplementation */ = {
			isa = PBXGroup;
			children = (
				DBCCEB0421DA145C00ABFCF3 /* CategoryDaoDbImpl.swift */,
				DBCCEB0621DA16BA00ABFCF3 /* TaskDaoDbImpl.swift */,
				DBCCEB0821DA175900ABFCF3 /* PriorityDaoDbImpl.swift */,
			);
			path = DaoImplementation;
			sourceTree = "<group>";
		};
		DBCCEB1821E205AA00ABFCF3 /* List */ = {
			isa = PBXGroup;
			children = (
				DBE783A621D26FE800512370 /* TaskListCell.swift */,
				DBCCEB2021E22C4C00ABFCF3 /* CategoryListCell.swift */,
				DBCCEB2421E2364500ABFCF3 /* PriorityListCell.swift */,
			);
			path = List;
			sourceTree = "<group>";
		};
		DBCCEB1921E205BC00ABFCF3 /* TaskDetails */ = {
			isa = PBXGroup;
			children = (
				DBCCEB0E21DE24F600ABFCF3 /* TaskNameCell.swift */,
				DBCCEB1021DE25CD00ABFCF3 /* TaskCategoryCell.swift */,
				DBCCEB1221DE2CC300ABFCF3 /* TaskPriorityCell.swift */,
				DBCCEB1421DE2CD600ABFCF3 /* TaskDeadlineCell.swift */,
				DBCCEB1621DE2CE800ABFCF3 /* TaskInfoCell.swift */,
			);
			path = TaskDetails;
			sourceTree = "<group>";
		};
		DBCCEB1A21E20BDE00ABFCF3 /* Delegates */ = {
			isa = PBXGroup;
			children = (
				DBCCEB1B21E20C0200ABFCF3 /* ActionResultDelegate.swift */,
			);
			path = Delegates;
			sourceTree = "<group>";
		};
		DBCCEB1D21E22BA200ABFCF3 /* TaskDetails */ = {
			isa = PBXGroup;
			children = (
				DBB9A83021CC110E00129C92 /* TaskDetailsController.swift */,
			);
			path = TaskDetails;
			sourceTree = "<group>";
		};
		DBE783A521D26FAC00512370 /* Cells */ = {
			isa = PBXGroup;
			children = (
				DBCCEB1921E205BC00ABFCF3 /* TaskDetails */,
				DBCCEB1821E205AA00ABFCF3 /* List */,
			);
			path = Cells;
			sourceTree = "<group>";
		};
/* End PBXGroup section */

/* Begin PBXNativeTarget section */
		DBB9A82A21CC110E00129C92 /* jbplanner */ = {
			isa = PBXNativeTarget;
			buildConfigurationList = DBB9A84021CC111400129C92 /* Build configuration list for PBXNativeTarget "jbplanner" */;
			buildPhases = (
				DBB9A82721CC110E00129C92 /* Sources */,
				DBB9A82821CC110E00129C92 /* Frameworks */,
				DBB9A82921CC110E00129C92 /* Resources */,
			);
			buildRules = (
			);
			dependencies = (
			);
			name = jbplanner;
			productName = jbplanner;
			productReference = DBB9A82B21CC110E00129C92 /* jbplanner.app */;
			productType = "com.apple.product-type.application";
		};
/* End PBXNativeTarget section */

/* Begin PBXProject section */
		DBB9A82321CC110E00129C92 /* Project object */ = {
			isa = PBXProject;
			attributes = {
				LastSwiftUpdateCheck = 1010;
				LastUpgradeCheck = 1010;
				ORGANIZATIONNAME = "Aleksey Sidorov";
				TargetAttributes = {
					DBB9A82A21CC110E00129C92 = {
						CreatedOnToolsVersion = 10.1;
					};
				};
			};
			buildConfigurationList = DBB9A82621CC110E00129C92 /* Build configuration list for PBXProject "jbplanner" */;
			compatibilityVersion = "Xcode 9.3";
			developmentRegion = en;
			hasScannedForEncodings = 0;
			knownRegions = (
				en,
				Base,
			);
			mainGroup = DBB9A82221CC110E00129C92;
			productRefGroup = DBB9A82C21CC110E00129C92 /* Products */;
			projectDirPath = "";
			projectRoot = "";
			targets = (
				DBB9A82A21CC110E00129C92 /* jbplanner */,
			);
		};
/* End PBXProject section */

/* Begin PBXResourcesBuildPhase section */
		DBB9A82921CC110E00129C92 /* Resources */ = {
			isa = PBXResourcesBuildPhase;
			buildActionMask = 2147483647;
			files = (
				DBB9A83C21CC111400129C92 /* LaunchScreen.storyboard in Resources */,
				DBB9A83921CC111400129C92 /* Assets.xcassets in Resources */,
				DBB9A83421CC110E00129C92 /* Main.storyboard in Resources */,
			);
			runOnlyForDeploymentPostprocessing = 0;
		};
/* End PBXResourcesBuildPhase section */

/* Begin PBXSourcesBuildPhase section */
		DBB9A82721CC110E00129C92 /* Sources */ = {
			isa = PBXSourcesBuildPhase;
			buildActionMask = 2147483647;
			files = (
				DBCCEB1721DE2CE800ABFCF3 /* TaskInfoCell.swift in Sources */,
				DBCCEAF721D77D6400ABFCF3 /* TaskExtension.swift in Sources */,
				DBCCEAFA21D783D800ABFCF3 /* Db.swift in Sources */,
				DBB9A83121CC110E00129C92 /* TaskDetailsController.swift in Sources */,
				DBCCEB0521DA145C00ABFCF3 /* CategoryDaoDbImpl.swift in Sources */,
				DBCCEB1121DE25CD00ABFCF3 /* TaskCategoryCell.swift in Sources */,
				DBCCEAF521D77B3C00ABFCF3 /* DateExtension.swift in Sources */,
				DBCCEB1321DE2CC300ABFCF3 /* TaskPriorityCell.swift in Sources */,
				DBB9A82F21CC110E00129C92 /* AppDelegate.swift in Sources */,
				DBCCEB1F21E22BEB00ABFCF3 /* CategoryListController.swift in Sources */,
				DBCCEB0D21DA23CA00ABFCF3 /* CrudExtension.swift in Sources */,
				DB116BD621D11BCB0070F13D /* TaskListController.swift in Sources */,
				DBCCEB0921DA175900ABFCF3 /* PriorityDaoDbImpl.swift in Sources */,
				DBCCEB2321E2358500ABFCF3 /* PriorityListController.swift in Sources */,
				DBCCEB0F21DE24F600ABFCF3 /* TaskNameCell.swift in Sources */,
				DBE783A721D26FE800512370 /* TaskListCell.swift in Sources */,
				DBCCEB1521DE2CD600ABFCF3 /* TaskDeadlineCell.swift in Sources */,
				DBCCEB1C21E20C0200ABFCF3 /* ActionResultDelegate.swift in Sources */,
				DBB9A83721CC110E00129C92 /* jbplanner.xcdatamodeld in Sources */,
				DBCCEB2121E22C4C00ABFCF3 /* CategoryListCell.swift in Sources */,
				DBCCEB0B21DA208800ABFCF3 /* Crud.swift in Sources */,
				DBCCEB0721DA16BA00ABFCF3 /* TaskDaoDbImpl.swift in Sources */,
				DBCCEB2521E2364500ABFCF3 /* PriorityListCell.swift in Sources */,
			);
			runOnlyForDeploymentPostprocessing = 0;
		};
/* End PBXSourcesBuildPhase section */

/* Begin PBXVariantGroup section */
		DBB9A83221CC110E00129C92 /* Main.storyboard */ = {
			isa = PBXVariantGroup;
			children = (
				DBB9A83321CC110E00129C92 /* Base */,
			);
			name = Main.storyboard;
			sourceTree = "<group>";
		};
		DBB9A83A21CC111400129C92 /* LaunchScreen.storyboard */ = {
			isa = PBXVariantGroup;
			children = (
				DBB9A83B21CC111400129C92 /* Base */,
			);
			name = LaunchScreen.storyboard;
			sourceTree = "<group>";
		};
/* End PBXVariantGroup section */

/* Begin XCBuildConfiguration section */
		DBB9A83E21CC111400129C92 /* Debug */ = {
			isa = XCBuildConfiguration;
			buildSettings = {
				ALWAYS_SEARCH_USER_PATHS = NO;
				CLANG_ANALYZER_NONNULL = YES;
				CLANG_ANALYZER_NUMBER_OBJECT_CONVERSION = YES_AGGRESSIVE;
				CLANG_CXX_LANGUAGE_STANDARD = "gnu++14";
				CLANG_CXX_LIBRARY = "libc++";
				CLANG_ENABLE_MODULES = YES;
				CLANG_ENABLE_OBJC_ARC = YES;
				CLANG_ENABLE_OBJC_WEAK = YES;
				CLANG_WARN_BLOCK_CAPTURE_AUTORELEASING = YES;
				CLANG_WARN_BOOL_CONVERSION = YES;
				CLANG_WARN_COMMA = YES;
				CLANG_WARN_CONSTANT_CONVERSION = YES;
				CLANG_WARN_DEPRECATED_OBJC_IMPLEMENTATIONS = YES;
				CLANG_WARN_DIRECT_OBJC_ISA_USAGE = YES_ERROR;
				CLANG_WARN_DOCUMENTATION_COMMENTS = YES;
				CLANG_WARN_EMPTY_BODY = YES;
				CLANG_WARN_ENUM_CONVERSION = YES;
				CLANG_WARN_INFINITE_RECURSION = YES;
				CLANG_WARN_INT_CONVERSION = YES;
				CLANG_WARN_NON_LITERAL_NULL_CONVERSION = YES;
				CLANG_WARN_OBJC_IMPLICIT_RETAIN_SELF = YES;
				CLANG_WARN_OBJC_LITERAL_CONVERSION = YES;
				CLANG_WARN_OBJC_ROOT_CLASS = YES_ERROR;
				CLANG_WARN_RANGE_LOOP_ANALYSIS = YES;
				CLANG_WARN_STRICT_PROTOTYPES = YES;
				CLANG_WARN_SUSPICIOUS_MOVE = YES;
				CLANG_WARN_UNGUARDED_AVAILABILITY = YES_AGGRESSIVE;
				CLANG_WARN_UNREACHABLE_CODE = YES;
				CLANG_WARN__DUPLICATE_METHOD_MATCH = YES;
				CODE_SIGN_IDENTITY = "iPhone Developer";
				COPY_PHASE_STRIP = NO;
				DEBUG_INFORMATION_FORMAT = dwarf;
				ENABLE_STRICT_OBJC_MSGSEND = YES;
				ENABLE_TESTABILITY = YES;
				GCC_C_LANGUAGE_STANDARD = gnu11;
				GCC_DYNAMIC_NO_PIC = NO;
				GCC_NO_COMMON_BLOCKS = YES;
				GCC_OPTIMIZATION_LEVEL = 0;
				GCC_PREPROCESSOR_DEFINITIONS = (
					"DEBUG=1",
					"$(inherited)",
				);
				GCC_WARN_64_TO_32_BIT_CONVERSION = YES;
				GCC_WARN_ABOUT_RETURN_TYPE = YES_ERROR;
				GCC_WARN_UNDECLARED_SELECTOR = YES;
				GCC_WARN_UNINITIALIZED_AUTOS = YES_AGGRESSIVE;
				GCC_WARN_UNUSED_FUNCTION = YES;
				GCC_WARN_UNUSED_VARIABLE = YES;
				IPHONEOS_DEPLOYMENT_TARGET = 11.1;
				MTL_ENABLE_DEBUG_INFO = INCLUDE_SOURCE;
				MTL_FAST_MATH = YES;
				ONLY_ACTIVE_ARCH = YES;
				SDKROOT = iphoneos;
				SWIFT_ACTIVE_COMPILATION_CONDITIONS = DEBUG;
				SWIFT_OPTIMIZATION_LEVEL = "-Onone";
			};
			name = Debug;
		};
		DBB9A83F21CC111400129C92 /* Release */ = {
			isa = XCBuildConfiguration;
			buildSettings = {
				ALWAYS_SEARCH_USER_PATHS = NO;
				CLANG_ANALYZER_NONNULL = YES;
				CLANG_ANALYZER_NUMBER_OBJECT_CONVERSION = YES_AGGRESSIVE;
				CLANG_CXX_LANGUAGE_STANDARD = "gnu++14";
				CLANG_CXX_LIBRARY = "libc++";
				CLANG_ENABLE_MODULES = YES;
				CLANG_ENABLE_OBJC_ARC = YES;
				CLANG_ENABLE_OBJC_WEAK = YES;
				CLANG_WARN_BLOCK_CAPTURE_AUTORELEASING = YES;
				CLANG_WARN_BOOL_CONVERSION = YES;
				CLANG_WARN_COMMA = YES;
				CLANG_WARN_CONSTANT_CONVERSION = YES;
				CLANG_WARN_DEPRECATED_OBJC_IMPLEMENTATIONS = YES;
				CLANG_WARN_DIRECT_OBJC_ISA_USAGE = YES_ERROR;
				CLANG_WARN_DOCUMENTATION_COMMENTS = YES;
				CLANG_WARN_EMPTY_BODY = YES;
				CLANG_WARN_ENUM_CONVERSION = YES;
				CLANG_WARN_INFINITE_RECURSION = YES;
				CLANG_WARN_INT_CONVERSION = YES;
				CLANG_WARN_NON_LITERAL_NULL_CONVERSION = YES;
				CLANG_WARN_OBJC_IMPLICIT_RETAIN_SELF = YES;
				CLANG_WARN_OBJC_LITERAL_CONVERSION = YES;
				CLANG_WARN_OBJC_ROOT_CLASS = YES_ERROR;
				CLANG_WARN_RANGE_LOOP_ANALYSIS = YES;
				CLANG_WARN_STRICT_PROTOTYPES = YES;
				CLANG_WARN_SUSPICIOUS_MOVE = YES;
				CLANG_WARN_UNGUARDED_AVAILABILITY = YES_AGGRESSIVE;
				CLANG_WARN_UNREACHABLE_CODE = YES;
				CLANG_WARN__DUPLICATE_METHOD_MATCH = YES;
				CODE_SIGN_IDENTITY = "iPhone Developer";
				COPY_PHASE_STRIP = NO;
				DEBUG_INFORMATION_FORMAT = "dwarf-with-dsym";
				ENABLE_NS_ASSERTIONS = NO;
				ENABLE_STRICT_OBJC_MSGSEND = YES;
				GCC_C_LANGUAGE_STANDARD = gnu11;
				GCC_NO_COMMON_BLOCKS = YES;
				GCC_WARN_64_TO_32_BIT_CONVERSION = YES;
				GCC_WARN_ABOUT_RETURN_TYPE = YES_ERROR;
				GCC_WARN_UNDECLARED_SELECTOR = YES;
				GCC_WARN_UNINITIALIZED_AUTOS = YES_AGGRESSIVE;
				GCC_WARN_UNUSED_FUNCTION = YES;
				GCC_WARN_UNUSED_VARIABLE = YES;
				IPHONEOS_DEPLOYMENT_TARGET = 11.1;
				MTL_ENABLE_DEBUG_INFO = NO;
				MTL_FAST_MATH = YES;
				SDKROOT = iphoneos;
				SWIFT_COMPILATION_MODE = wholemodule;
				SWIFT_OPTIMIZATION_LEVEL = "-O";
				VALIDATE_PRODUCT = YES;
			};
			name = Release;
		};
		DBB9A84121CC111400129C92 /* Debug */ = {
			isa = XCBuildConfiguration;
			buildSettings = {
				ASSETCATALOG_COMPILER_APPICON_NAME = AppIcon;
				CODE_SIGN_STYLE = Manual;
				DEVELOPMENT_TEAM = "";
				INFOPLIST_FILE = jbplanner/Info.plist;
				IPHONEOS_DEPLOYMENT_TARGET = 11.1;
				LD_RUNPATH_SEARCH_PATHS = (
					"$(inherited)",
					"@executable_path/Frameworks",
				);
				PRODUCT_BUNDLE_IDENTIFIER = ealesid.jbplanner;
				PRODUCT_NAME = "$(TARGET_NAME)";
				PROVISIONING_PROFILE_SPECIFIER = "";
				SWIFT_VERSION = 4.2;
				TARGETED_DEVICE_FAMILY = "1,2";
			};
			name = Debug;
		};
		DBB9A84221CC111400129C92 /* Release */ = {
			isa = XCBuildConfiguration;
			buildSettings = {
				ASSETCATALOG_COMPILER_APPICON_NAME = AppIcon;
				CODE_SIGN_STYLE = Manual;
				DEVELOPMENT_TEAM = "";
				INFOPLIST_FILE = jbplanner/Info.plist;
				IPHONEOS_DEPLOYMENT_TARGET = 11.1;
				LD_RUNPATH_SEARCH_PATHS = (
					"$(inherited)",
					"@executable_path/Frameworks",
				);
				PRODUCT_BUNDLE_IDENTIFIER = ealesid.jbplanner;
				PRODUCT_NAME = "$(TARGET_NAME)";
				PROVISIONING_PROFILE_SPECIFIER = "";
				SWIFT_VERSION = 4.2;
				TARGETED_DEVICE_FAMILY = "1,2";
			};
			name = Release;
		};
/* End XCBuildConfiguration section */

/* Begin XCConfigurationList section */
		DBB9A82621CC110E00129C92 /* Build configuration list for PBXProject "jbplanner" */ = {
			isa = XCConfigurationList;
			buildConfigurations = (
				DBB9A83E21CC111400129C92 /* Debug */,
				DBB9A83F21CC111400129C92 /* Release */,
			);
			defaultConfigurationIsVisible = 0;
			defaultConfigurationName = Release;
		};
		DBB9A84021CC111400129C92 /* Build configuration list for PBXNativeTarget "jbplanner" */ = {
			isa = XCConfigurationList;
			buildConfigurations = (
				DBB9A84121CC111400129C92 /* Debug */,
				DBB9A84221CC111400129C92 /* Release */,
			);
			defaultConfigurationIsVisible = 0;
			defaultConfigurationName = Release;
		};
/* End XCConfigurationList section */

/* Begin XCVersionGroup section */
		DBB9A83521CC110E00129C92 /* jbplanner.xcdatamodeld */ = {
			isa = XCVersionGroup;
			children = (
				DBB9A83621CC110E00129C92 /* jbplanner.xcdatamodel */,
			);
			currentVersion = DBB9A83621CC110E00129C92 /* jbplanner.xcdatamodel */;
			path = jbplanner.xcdatamodeld;
			sourceTree = "<group>";
			versionGroupType = wrapper.xcdatamodel;
		};
/* End XCVersionGroup section */
	};
	rootObject = DBB9A82321CC110E00129C92 /* Project object */;
}
