// !$*UTF8*$!
{
	archiveVersion = 1;
	classes = {
	};
	objectVersion = 50;
	objects = {

/* Begin PBXBuildFile section */
		B4F6E767B609279ECF4941EA /* Pods_jbplanner.framework in Frameworks */ = {isa = PBXBuildFile; fileRef = 9ED3F1B07A05739FED1E861C /* Pods_jbplanner.framework */; };
		DB0F7B9321EA2B7200DA398B /* TaskDao.swift in Sources */ = {isa = PBXBuildFile; fileRef = DB0F7B9221EA2B7200DA398B /* TaskDao.swift */; };
		DB116BD621D11BCB0070F13D /* TaskListController.swift in Sources */ = {isa = PBXBuildFile; fileRef = DB116BD521D11BCB0070F13D /* TaskListController.swift */; };
		DB21D913222D970B00C5958D /* GCCalendar.framework in Frameworks */ = {isa = PBXBuildFile; fileRef = DB21D912222D970B00C5958D /* GCCalendar.framework */; };
		DB21D915222DAFB800C5958D /* DatetimePickerController.swift in Sources */ = {isa = PBXBuildFile; fileRef = DB21D914222DAFB800C5958D /* DatetimePickerController.swift */; };
		DB21D917222DB0C400C5958D /* UIViewControllerExtension.swift in Sources */ = {isa = PBXBuildFile; fileRef = DB21D916222DB0C400C5958D /* UIViewControllerExtension.swift */; };
		DB383D2F225BAA94006F756F /* SideMenu.framework in Frameworks */ = {isa = PBXBuildFile; fileRef = DB383D2E225BAA94006F756F /* SideMenu.framework */; };
		DB383D32225BAE60006F756F /* SideMenuController.swift in Sources */ = {isa = PBXBuildFile; fileRef = DB383D31225BAE60006F756F /* SideMenuController.swift */; };
		DB383D35225BAEDB006F756F /* SideMenuCell.swift in Sources */ = {isa = PBXBuildFile; fileRef = DB383D34225BAEDB006F756F /* SideMenuCell.swift */; };
		DBB79E2421E4CD36002FA52C /* AreaTapButton.swift in Sources */ = {isa = PBXBuildFile; fileRef = DBB79E2321E4CD36002FA52C /* AreaTapButton.swift */; };
		DBB79E2621E51F50002FA52C /* TaskInfoController.swift in Sources */ = {isa = PBXBuildFile; fileRef = DBB79E2521E51F50002FA52C /* TaskInfoController.swift */; };
		DBB9A82F21CC110E00129C92 /* AppDelegate.swift in Sources */ = {isa = PBXBuildFile; fileRef = DBB9A82E21CC110E00129C92 /* AppDelegate.swift */; };
		DBB9A83121CC110E00129C92 /* TaskDetailsController.swift in Sources */ = {isa = PBXBuildFile; fileRef = DBB9A83021CC110E00129C92 /* TaskDetailsController.swift */; };
		DBB9A83421CC110E00129C92 /* Main.storyboard in Resources */ = {isa = PBXBuildFile; fileRef = DBB9A83221CC110E00129C92 /* Main.storyboard */; };
		DBB9A83721CC110E00129C92 /* jbplanner.xcdatamodeld in Sources */ = {isa = PBXBuildFile; fileRef = DBB9A83521CC110E00129C92 /* jbplanner.xcdatamodeld */; };
		DBB9A83921CC111400129C92 /* Assets.xcassets in Resources */ = {isa = PBXBuildFile; fileRef = DBB9A83821CC111400129C92 /* Assets.xcassets */; };
		DBB9A83C21CC111400129C92 /* LaunchScreen.storyboard in Resources */ = {isa = PBXBuildFile; fileRef = DBB9A83A21CC111400129C92 /* LaunchScreen.storyboard */; };
		DBCCEAF521D77B3C00ABFCF3 /* DateExtension.swift in Sources */ = {isa = PBXBuildFile; fileRef = DBCCEAF421D77B3C00ABFCF3 /* DateExtension.swift */; };
		DBCCEAF721D77D6400ABFCF3 /* TaskExtension.swift in Sources */ = {isa = PBXBuildFile; fileRef = DBCCEAF621D77D6400ABFCF3 /* TaskExtension.swift */; };
		DBCCEB0521DA145C00ABFCF3 /* CategoryDaoDbImpl.swift in Sources */ = {isa = PBXBuildFile; fileRef = DBCCEB0421DA145C00ABFCF3 /* CategoryDaoDbImpl.swift */; };
		DBCCEB0721DA16BA00ABFCF3 /* TaskDaoDbImpl.swift in Sources */ = {isa = PBXBuildFile; fileRef = DBCCEB0621DA16BA00ABFCF3 /* TaskDaoDbImpl.swift */; };
		DBCCEB0921DA175900ABFCF3 /* PriorityDaoDbImpl.swift in Sources */ = {isa = PBXBuildFile; fileRef = DBCCEB0821DA175900ABFCF3 /* PriorityDaoDbImpl.swift */; };
		DBCCEB0B21DA208800ABFCF3 /* Crud.swift in Sources */ = {isa = PBXBuildFile; fileRef = DBCCEB0A21DA208800ABFCF3 /* Crud.swift */; };
		DBCCEB0F21DE24F600ABFCF3 /* TaskNameCell.swift in Sources */ = {isa = PBXBuildFile; fileRef = DBCCEB0E21DE24F600ABFCF3 /* TaskNameCell.swift */; };
		DBCCEB1121DE25CD00ABFCF3 /* TaskCategoryCell.swift in Sources */ = {isa = PBXBuildFile; fileRef = DBCCEB1021DE25CD00ABFCF3 /* TaskCategoryCell.swift */; };
		DBCCEB1321DE2CC300ABFCF3 /* TaskPriorityCell.swift in Sources */ = {isa = PBXBuildFile; fileRef = DBCCEB1221DE2CC300ABFCF3 /* TaskPriorityCell.swift */; };
		DBCCEB1521DE2CD600ABFCF3 /* TaskDeadlineCell.swift in Sources */ = {isa = PBXBuildFile; fileRef = DBCCEB1421DE2CD600ABFCF3 /* TaskDeadlineCell.swift */; };
		DBCCEB1721DE2CE800ABFCF3 /* TaskInfoCell.swift in Sources */ = {isa = PBXBuildFile; fileRef = DBCCEB1621DE2CE800ABFCF3 /* TaskInfoCell.swift */; };
		DBCCEB1C21E20C0200ABFCF3 /* ActionResultDelegate.swift in Sources */ = {isa = PBXBuildFile; fileRef = DBCCEB1B21E20C0200ABFCF3 /* ActionResultDelegate.swift */; };
		DBCCEB1F21E22BEB00ABFCF3 /* CategoryListController.swift in Sources */ = {isa = PBXBuildFile; fileRef = DBCCEB1E21E22BEB00ABFCF3 /* CategoryListController.swift */; };
		DBCCEB2121E22C4C00ABFCF3 /* CategoryListCell.swift in Sources */ = {isa = PBXBuildFile; fileRef = DBCCEB2021E22C4C00ABFCF3 /* CategoryListCell.swift */; };
		DBCCEB2321E2358500ABFCF3 /* PriorityListController.swift in Sources */ = {isa = PBXBuildFile; fileRef = DBCCEB2221E2358500ABFCF3 /* PriorityListController.swift */; };
		DBCCEB2521E2364500ABFCF3 /* PriorityListCell.swift in Sources */ = {isa = PBXBuildFile; fileRef = DBCCEB2421E2364500ABFCF3 /* PriorityListCell.swift */; };
		DBD00C532278C13A0063E311 /* FiltersController.swift in Sources */ = {isa = PBXBuildFile; fileRef = DBD00C522278C13A0063E311 /* FiltersController.swift */; };
		DBD00C552278C5AD0063E311 /* TaskSearchDao.swift in Sources */ = {isa = PBXBuildFile; fileRef = DBD00C542278C5AD0063E311 /* TaskSearchDao.swift */; };
		DBD00C582278CB700063E311 /* PrefsManager.swift in Sources */ = {isa = PBXBuildFile; fileRef = DBD00C572278CB700063E311 /* PrefsManager.swift */; };
		DBD00C5A227B2A710063E311 /* DictionaryDao.swift in Sources */ = {isa = PBXBuildFile; fileRef = DBD00C59227B2A710063E311 /* DictionaryDao.swift */; };
		DBD00C5C227B2B3D0063E311 /* Checkable.swift in Sources */ = {isa = PBXBuildFile; fileRef = DBD00C5B227B2B3D0063E311 /* Checkable.swift */; };
		DBDF95E121E2720600655512 /* DictionaryController.swift in Sources */ = {isa = PBXBuildFile; fileRef = DBDF95E021E2720600655512 /* DictionaryController.swift */; };
		DBE406AE21F0A83300779C8D /* CommonSearchDAO.swift in Sources */ = {isa = PBXBuildFile; fileRef = DBE406AD21F0A83300779C8D /* CommonSearchDAO.swift */; };
		DBE783A721D26FE800512370 /* TaskListCell.swift in Sources */ = {isa = PBXBuildFile; fileRef = DBE783A621D26FE800512370 /* TaskListCell.swift */; };
		DBE94DF221E7B7D900748641 /* QuickTaskCell.swift in Sources */ = {isa = PBXBuildFile; fileRef = DBE94DF121E7B7D900748641 /* QuickTaskCell.swift */; };
/* End PBXBuildFile section */

/* Begin PBXFileReference section */
		104E9003A198CB1B3E61937F /* Pods-jbplanner.release.xcconfig */ = {isa = PBXFileReference; includeInIndex = 1; lastKnownFileType = text.xcconfig; name = "Pods-jbplanner.release.xcconfig"; path = "Target Support Files/Pods-jbplanner/Pods-jbplanner.release.xcconfig"; sourceTree = "<group>"; };
		555C9A537EDC0BC861E9FB67 /* Pods-jbplanner.debug.xcconfig */ = {isa = PBXFileReference; includeInIndex = 1; lastKnownFileType = text.xcconfig; name = "Pods-jbplanner.debug.xcconfig"; path = "Target Support Files/Pods-jbplanner/Pods-jbplanner.debug.xcconfig"; sourceTree = "<group>"; };
		9ED3F1B07A05739FED1E861C /* Pods_jbplanner.framework */ = {isa = PBXFileReference; explicitFileType = wrapper.framework; includeInIndex = 0; path = Pods_jbplanner.framework; sourceTree = BUILT_PRODUCTS_DIR; };
		DB0F7B9221EA2B7200DA398B /* TaskDao.swift */ = {isa = PBXFileReference; lastKnownFileType = sourcecode.swift; path = TaskDao.swift; sourceTree = "<group>"; };
		DB116BD521D11BCB0070F13D /* TaskListController.swift */ = {isa = PBXFileReference; lastKnownFileType = sourcecode.swift; name = TaskListController.swift; path = jbplanner/Controllers/List/TaskListController.swift; sourceTree = SOURCE_ROOT; };
		DB21D912222D970B00C5958D /* GCCalendar.framework */ = {isa = PBXFileReference; explicitFileType = wrapper.framework; path = GCCalendar.framework; sourceTree = BUILT_PRODUCTS_DIR; };
		DB21D914222DAFB800C5958D /* DatetimePickerController.swift */ = {isa = PBXFileReference; lastKnownFileType = sourcecode.swift; path = DatetimePickerController.swift; sourceTree = "<group>"; };
		DB21D916222DB0C400C5958D /* UIViewControllerExtension.swift */ = {isa = PBXFileReference; lastKnownFileType = sourcecode.swift; path = UIViewControllerExtension.swift; sourceTree = "<group>"; };
		DB383D2E225BAA94006F756F /* SideMenu.framework */ = {isa = PBXFileReference; explicitFileType = wrapper.framework; path = SideMenu.framework; sourceTree = BUILT_PRODUCTS_DIR; };
		DB383D31225BAE60006F756F /* SideMenuController.swift */ = {isa = PBXFileReference; lastKnownFileType = sourcecode.swift; path = SideMenuController.swift; sourceTree = "<group>"; };
		DB383D34225BAEDB006F756F /* SideMenuCell.swift */ = {isa = PBXFileReference; lastKnownFileType = sourcecode.swift; path = SideMenuCell.swift; sourceTree = "<group>"; };
		DBB79E2321E4CD36002FA52C /* AreaTapButton.swift */ = {isa = PBXFileReference; lastKnownFileType = sourcecode.swift; path = AreaTapButton.swift; sourceTree = "<group>"; };
		DBB79E2521E51F50002FA52C /* TaskInfoController.swift */ = {isa = PBXFileReference; lastKnownFileType = sourcecode.swift; path = TaskInfoController.swift; sourceTree = "<group>"; };
		DBB9A82B21CC110E00129C92 /* jbplanner.app */ = {isa = PBXFileReference; explicitFileType = wrapper.application; includeInIndex = 0; path = jbplanner.app; sourceTree = BUILT_PRODUCTS_DIR; };
		DBB9A82E21CC110E00129C92 /* AppDelegate.swift */ = {isa = PBXFileReference; lastKnownFileType = sourcecode.swift; path = AppDelegate.swift; sourceTree = "<group>"; };
		DBB9A83021CC110E00129C92 /* TaskDetailsController.swift */ = {isa = PBXFileReference; lastKnownFileType = sourcecode.swift; path = TaskDetailsController.swift; sourceTree = "<group>"; };
		DBB9A83321CC110E00129C92 /* Base */ = {isa = PBXFileReference; lastKnownFileType = file.storyboard; name = Base; path = Base.lproj/Main.storyboard; sourceTree = "<group>"; };
		DBB9A83621CC110E00129C92 /* jbplanner.xcdatamodel */ = {isa = PBXFileReference; lastKnownFileType = wrapper.xcdatamodel; path = jbplanner.xcdatamodel; sourceTree = "<group>"; };
		DBB9A83821CC111400129C92 /* Assets.xcassets */ = {isa = PBXFileReference; lastKnownFileType = folder.assetcatalog; path = Assets.xcassets; sourceTree = "<group>"; };
		DBB9A83B21CC111400129C92 /* Base */ = {isa = PBXFileReference; lastKnownFileType = file.storyboard; name = Base; path = Base.lproj/LaunchScreen.storyboard; sourceTree = "<group>"; };
		DBB9A83D21CC111400129C92 /* Info.plist */ = {isa = PBXFileReference; lastKnownFileType = text.plist.xml; path = Info.plist; sourceTree = "<group>"; };
		DBCCEAF421D77B3C00ABFCF3 /* DateExtension.swift */ = {isa = PBXFileReference; lastKnownFileType = sourcecode.swift; path = DateExtension.swift; sourceTree = "<group>"; };
		DBCCEAF621D77D6400ABFCF3 /* TaskExtension.swift */ = {isa = PBXFileReference; lastKnownFileType = sourcecode.swift; path = TaskExtension.swift; sourceTree = "<group>"; };
		DBCCEB0421DA145C00ABFCF3 /* CategoryDaoDbImpl.swift */ = {isa = PBXFileReference; lastKnownFileType = sourcecode.swift; path = CategoryDaoDbImpl.swift; sourceTree = "<group>"; };
		DBCCEB0621DA16BA00ABFCF3 /* TaskDaoDbImpl.swift */ = {isa = PBXFileReference; lastKnownFileType = sourcecode.swift; path = TaskDaoDbImpl.swift; sourceTree = "<group>"; };
		DBCCEB0821DA175900ABFCF3 /* PriorityDaoDbImpl.swift */ = {isa = PBXFileReference; lastKnownFileType = sourcecode.swift; path = PriorityDaoDbImpl.swift; sourceTree = "<group>"; };
		DBCCEB0A21DA208800ABFCF3 /* Crud.swift */ = {isa = PBXFileReference; lastKnownFileType = sourcecode.swift; path = Crud.swift; sourceTree = "<group>"; };
		DBCCEB0E21DE24F600ABFCF3 /* TaskNameCell.swift */ = {isa = PBXFileReference; lastKnownFileType = sourcecode.swift; path = TaskNameCell.swift; sourceTree = "<group>"; };
		DBCCEB1021DE25CD00ABFCF3 /* TaskCategoryCell.swift */ = {isa = PBXFileReference; lastKnownFileType = sourcecode.swift; path = TaskCategoryCell.swift; sourceTree = "<group>"; };
		DBCCEB1221DE2CC300ABFCF3 /* TaskPriorityCell.swift */ = {isa = PBXFileReference; lastKnownFileType = sourcecode.swift; path = TaskPriorityCell.swift; sourceTree = "<group>"; };
		DBCCEB1421DE2CD600ABFCF3 /* TaskDeadlineCell.swift */ = {isa = PBXFileReference; lastKnownFileType = sourcecode.swift; path = TaskDeadlineCell.swift; sourceTree = "<group>"; };
		DBCCEB1621DE2CE800ABFCF3 /* TaskInfoCell.swift */ = {isa = PBXFileReference; lastKnownFileType = sourcecode.swift; path = TaskInfoCell.swift; sourceTree = "<group>"; };
		DBCCEB1B21E20C0200ABFCF3 /* ActionResultDelegate.swift */ = {isa = PBXFileReference; lastKnownFileType = sourcecode.swift; path = ActionResultDelegate.swift; sourceTree = "<group>"; };
		DBCCEB1E21E22BEB00ABFCF3 /* CategoryListController.swift */ = {isa = PBXFileReference; lastKnownFileType = sourcecode.swift; path = CategoryListController.swift; sourceTree = "<group>"; };
		DBCCEB2021E22C4C00ABFCF3 /* CategoryListCell.swift */ = {isa = PBXFileReference; lastKnownFileType = sourcecode.swift; path = CategoryListCell.swift; sourceTree = "<group>"; };
		DBCCEB2221E2358500ABFCF3 /* PriorityListController.swift */ = {isa = PBXFileReference; lastKnownFileType = sourcecode.swift; path = PriorityListController.swift; sourceTree = "<group>"; };
		DBCCEB2421E2364500ABFCF3 /* PriorityListCell.swift */ = {isa = PBXFileReference; lastKnownFileType = sourcecode.swift; path = PriorityListCell.swift; sourceTree = "<group>"; };
		DBD00C522278C13A0063E311 /* FiltersController.swift */ = {isa = PBXFileReference; lastKnownFileType = sourcecode.swift; path = FiltersController.swift; sourceTree = "<group>"; };
		DBD00C542278C5AD0063E311 /* TaskSearchDao.swift */ = {isa = PBXFileReference; lastKnownFileType = sourcecode.swift; path = TaskSearchDao.swift; sourceTree = "<group>"; };
		DBD00C572278CB700063E311 /* PrefsManager.swift */ = {isa = PBXFileReference; lastKnownFileType = sourcecode.swift; path = PrefsManager.swift; sourceTree = "<group>"; };
		DBD00C59227B2A710063E311 /* DictionaryDao.swift */ = {isa = PBXFileReference; lastKnownFileType = sourcecode.swift; path = DictionaryDao.swift; sourceTree = "<group>"; };
		DBD00C5B227B2B3D0063E311 /* Checkable.swift */ = {isa = PBXFileReference; lastKnownFileType = sourcecode.swift; path = Checkable.swift; sourceTree = "<group>"; };
		DBDF95E021E2720600655512 /* DictionaryController.swift */ = {isa = PBXFileReference; lastKnownFileType = sourcecode.swift; path = DictionaryController.swift; sourceTree = "<group>"; };
		DBE406AD21F0A83300779C8D /* CommonSearchDAO.swift */ = {isa = PBXFileReference; lastKnownFileType = sourcecode.swift; path = CommonSearchDAO.swift; sourceTree = "<group>"; };
		DBE783A621D26FE800512370 /* TaskListCell.swift */ = {isa = PBXFileReference; lastKnownFileType = sourcecode.swift; path = TaskListCell.swift; sourceTree = "<group>"; };
		DBE94DF121E7B7D900748641 /* QuickTaskCell.swift */ = {isa = PBXFileReference; lastKnownFileType = sourcecode.swift; path = QuickTaskCell.swift; sourceTree = "<group>"; };
/* End PBXFileReference section */

/* Begin PBXFrameworksBuildPhase section */
		DBB9A82821CC110E00129C92 /* Frameworks */ = {
			isa = PBXFrameworksBuildPhase;
			buildActionMask = 2147483647;
			files = (
				DB383D2F225BAA94006F756F /* SideMenu.framework in Frameworks */,
				DB21D913222D970B00C5958D /* GCCalendar.framework in Frameworks */,
				B4F6E767B609279ECF4941EA /* Pods_jbplanner.framework in Frameworks */,
			);
			runOnlyForDeploymentPostprocessing = 0;
		};
/* End PBXFrameworksBuildPhase section */

/* Begin PBXGroup section */
		4B0E583433025231B3B2331D /* Frameworks */ = {
			isa = PBXGroup;
			children = (
				DB383D2E225BAA94006F756F /* SideMenu.framework */,
				DB21D912222D970B00C5958D /* GCCalendar.framework */,
				9ED3F1B07A05739FED1E861C /* Pods_jbplanner.framework */,
			);
			name = Frameworks;
			sourceTree = "<group>";
		};
		77F3A3B9B8A09A2D4246E966 /* Pods */ = {
			isa = PBXGroup;
			children = (
				555C9A537EDC0BC861E9FB67 /* Pods-jbplanner.debug.xcconfig */,
				104E9003A198CB1B3E61937F /* Pods-jbplanner.release.xcconfig */,
			);
			path = Pods;
			sourceTree = "<group>";
		};
		DB116BD221D11AF00070F13D /* Controllers */ = {
			isa = PBXGroup;
			children = (
				DB383D30225BAE47006F756F /* Menu */,
				DBCCEB1D21E22BA200ABFCF3 /* TaskDetails */,
				DB116BD321D11B080070F13D /* List */,
				DBD00C522278C13A0063E311 /* FiltersController.swift */,
			);
			path = Controllers;
			sourceTree = "<group>";
		};
		DB116BD321D11B080070F13D /* List */ = {
			isa = PBXGroup;
			children = (
				DB116BD521D11BCB0070F13D /* TaskListController.swift */,
				DBCCEB1E21E22BEB00ABFCF3 /* CategoryListController.swift */,
				DBCCEB2221E2358500ABFCF3 /* PriorityListController.swift */,
				DBDF95E021E2720600655512 /* DictionaryController.swift */,
			);
			path = List;
			sourceTree = "<group>";
		};
		DB116BD421D11B4B0070F13D /* Storyboards */ = {
			isa = PBXGroup;
			children = (
				DBB9A83221CC110E00129C92 /* Main.storyboard */,
				DBB9A83A21CC111400129C92 /* LaunchScreen.storyboard */,
			);
			path = Storyboards;
			sourceTree = "<group>";
		};
		DB383D30225BAE47006F756F /* Menu */ = {
			isa = PBXGroup;
			children = (
				DB383D31225BAE60006F756F /* SideMenuController.swift */,
			);
			path = Menu;
			sourceTree = "<group>";
		};
		DB383D33225BAEA6006F756F /* Menu */ = {
			isa = PBXGroup;
			children = (
				DB383D34225BAEDB006F756F /* SideMenuCell.swift */,
			);
			path = Menu;
			sourceTree = "<group>";
		};
		DBB79E2221E4CD15002FA52C /* UIViews */ = {
			isa = PBXGroup;
			children = (
				DBB79E2321E4CD36002FA52C /* AreaTapButton.swift */,
			);
			path = UIViews;
			sourceTree = "<group>";
		};
		DBB9A82221CC110E00129C92 = {
			isa = PBXGroup;
			children = (
				DBB9A82D21CC110E00129C92 /* jbplanner */,
				DBB9A82C21CC110E00129C92 /* Products */,
				77F3A3B9B8A09A2D4246E966 /* Pods */,
				4B0E583433025231B3B2331D /* Frameworks */,
			);
			sourceTree = "<group>";
		};
		DBB9A82C21CC110E00129C92 /* Products */ = {
			isa = PBXGroup;
			children = (
				DBB9A82B21CC110E00129C92 /* jbplanner.app */,
			);
			name = Products;
			sourceTree = "<group>";
		};
		DBB9A82D21CC110E00129C92 /* jbplanner */ = {
			isa = PBXGroup;
			children = (
				DBD00C562278CB640063E311 /* Managers */,
				DBB79E2221E4CD15002FA52C /* UIViews */,
				DBCCEB1A21E20BDE00ABFCF3 /* Delegates */,
				DBCCEAFD21DA10DF00ABFCF3 /* DaoImplementation */,
				DBCCEAFC21DA10D300ABFCF3 /* DAO */,
				DBCCEAF821D783C700ABFCF3 /* DB */,
				DBCCEAF321D77B2400ABFCF3 /* Extensions */,
				DBE783A521D26FAC00512370 /* Cells */,
				DB116BD421D11B4B0070F13D /* Storyboards */,
				DB116BD221D11AF00070F13D /* Controllers */,
				DBB9A82E21CC110E00129C92 /* AppDelegate.swift */,
				DBB9A83821CC111400129C92 /* Assets.xcassets */,
				DBB9A83D21CC111400129C92 /* Info.plist */,
				DBB9A83521CC110E00129C92 /* jbplanner.xcdatamodeld */,
			);
			path = jbplanner;
			sourceTree = "<group>";
		};
		DBCCEAF321D77B2400ABFCF3 /* Extensions */ = {
			isa = PBXGroup;
			children = (
				DBCCEAF421D77B3C00ABFCF3 /* DateExtension.swift */,
				DBCCEAF621D77D6400ABFCF3 /* TaskExtension.swift */,
				DB21D916222DB0C400C5958D /* UIViewControllerExtension.swift */,
			);
			path = Extensions;
			sourceTree = "<group>";
		};
		DBCCEAF821D783C700ABFCF3 /* DB */ = {
			isa = PBXGroup;
			children = (
			);
			path = DB;
			sourceTree = "<group>";
		};
		DBCCEAFC21DA10D300ABFCF3 /* DAO */ = {
			isa = PBXGroup;
			children = (
				DBCCEB0A21DA208800ABFCF3 /* Crud.swift */,
				DBE406AD21F0A83300779C8D /* CommonSearchDAO.swift */,
				DBD00C542278C5AD0063E311 /* TaskSearchDao.swift */,
				DB0F7B9221EA2B7200DA398B /* TaskDao.swift */,
				DBD00C59227B2A710063E311 /* DictionaryDao.swift */,
				DBD00C5B227B2B3D0063E311 /* Checkable.swift */,
			);
			path = DAO;
			sourceTree = "<group>";
		};
		DBCCEAFD21DA10DF00ABFCF3 /* DaoImplementation */ = {
			isa = PBXGroup;
			children = (
				DBCCEB0421DA145C00ABFCF3 /* CategoryDaoDbImpl.swift */,
				DBCCEB0621DA16BA00ABFCF3 /* TaskDaoDbImpl.swift */,
				DBCCEB0821DA175900ABFCF3 /* PriorityDaoDbImpl.swift */,
			);
			path = DaoImplementation;
			sourceTree = "<group>";
		};
		DBCCEB1821E205AA00ABFCF3 /* List */ = {
			isa = PBXGroup;
			children = (
				DBE783A621D26FE800512370 /* TaskListCell.swift */,
				DBCCEB2021E22C4C00ABFCF3 /* CategoryListCell.swift */,
				DBCCEB2421E2364500ABFCF3 /* PriorityListCell.swift */,
				DBE94DF121E7B7D900748641 /* QuickTaskCell.swift */,
			);
			path = List;
			sourceTree = "<group>";
		};
		DBCCEB1921E205BC00ABFCF3 /* TaskDetails */ = {
			isa = PBXGroup;
			children = (
				DBCCEB0E21DE24F600ABFCF3 /* TaskNameCell.swift */,
				DBCCEB1021DE25CD00ABFCF3 /* TaskCategoryCell.swift */,
				DBCCEB1221DE2CC300ABFCF3 /* TaskPriorityCell.swift */,
				DBCCEB1421DE2CD600ABFCF3 /* TaskDeadlineCell.swift */,
				DBCCEB1621DE2CE800ABFCF3 /* TaskInfoCell.swift */,
			);
			path = TaskDetails;
			sourceTree = "<group>";
		};
		DBCCEB1A21E20BDE00ABFCF3 /* Delegates */ = {
			isa = PBXGroup;
			children = (
				DBCCEB1B21E20C0200ABFCF3 /* ActionResultDelegate.swift */,
			);
			path = Delegates;
			sourceTree = "<group>";
		};
		DBCCEB1D21E22BA200ABFCF3 /* TaskDetails */ = {
			isa = PBXGroup;
			children = (
				DBB9A83021CC110E00129C92 /* TaskDetailsController.swift */,
				DBB79E2521E51F50002FA52C /* TaskInfoController.swift */,
				DB21D914222DAFB800C5958D /* DatetimePickerController.swift */,
			);
			path = TaskDetails;
			sourceTree = "<group>";
		};
		DBD00C562278CB640063E311 /* Managers */ = {
			isa = PBXGroup;
			children = (
				DBD00C572278CB700063E311 /* PrefsManager.swift */,
			);
			path = Managers;
			sourceTree = "<group>";
		};
		DBE783A521D26FAC00512370 /* Cells */ = {
			isa = PBXGroup;
			children = (
				DB383D33225BAEA6006F756F /* Menu */,
				DBCCEB1921E205BC00ABFCF3 /* TaskDetails */,
				DBCCEB1821E205AA00ABFCF3 /* List */,
			);
			path = Cells;
			sourceTree = "<group>";
		};
/* End PBXGroup section */

/* Begin PBXNativeTarget section */
		DBB9A82A21CC110E00129C92 /* jbplanner */ = {
			isa = PBXNativeTarget;
			buildConfigurationList = DBB9A84021CC111400129C92 /* Build configuration list for PBXNativeTarget "jbplanner" */;
			buildPhases = (
				7E715E2A4C738F8AAE0E0882 /* [CP] Check Pods Manifest.lock */,
				DBB9A82721CC110E00129C92 /* Sources */,
				DBB9A82821CC110E00129C92 /* Frameworks */,
				DBB9A82921CC110E00129C92 /* Resources */,
				2AA7EF5637D64FE1E203B4DA /* [CP] Embed Pods Frameworks */,
			);
			buildRules = (
			);
			dependencies = (
			);
			name = jbplanner;
			productName = jbplanner;
			productReference = DBB9A82B21CC110E00129C92 /* jbplanner.app */;
			productType = "com.apple.product-type.application";
		};
/* End PBXNativeTarget section */

/* Begin PBXProject section */
		DBB9A82321CC110E00129C92 /* Project object */ = {
			isa = PBXProject;
			attributes = {
				LastSwiftUpdateCheck = 1010;
				LastUpgradeCheck = 1010;
				ORGANIZATIONNAME = "Aleksey Sidorov";
				TargetAttributes = {
					DBB9A82A21CC110E00129C92 = {
						CreatedOnToolsVersion = 10.1;
					};
				};
			};
			buildConfigurationList = DBB9A82621CC110E00129C92 /* Build configuration list for PBXProject "jbplanner" */;
			compatibilityVersion = "Xcode 9.3";
			developmentRegion = en;
			hasScannedForEncodings = 0;
			knownRegions = (
				en,
				Base,
			);
			mainGroup = DBB9A82221CC110E00129C92;
			productRefGroup = DBB9A82C21CC110E00129C92 /* Products */;
			projectDirPath = "";
			projectRoot = "";
			targets = (
				DBB9A82A21CC110E00129C92 /* jbplanner */,
			);
		};
/* End PBXProject section */

/* Begin PBXResourcesBuildPhase section */
		DBB9A82921CC110E00129C92 /* Resources */ = {
			isa = PBXResourcesBuildPhase;
			buildActionMask = 2147483647;
			files = (
				DBB9A83C21CC111400129C92 /* LaunchScreen.storyboard in Resources */,
				DBB9A83921CC111400129C92 /* Assets.xcassets in Resources */,
				DBB9A83421CC110E00129C92 /* Main.storyboard in Resources */,
			);
			runOnlyForDeploymentPostprocessing = 0;
		};
/* End PBXResourcesBuildPhase section */

/* Begin PBXShellScriptBuildPhase section */
		2AA7EF5637D64FE1E203B4DA /* [CP] Embed Pods Frameworks */ = {
			isa = PBXShellScriptBuildPhase;
			buildActionMask = 2147483647;
			files = (
			);
			inputFileListPaths = (
			);
			inputPaths = (
				"${PODS_ROOT}/Target Support Files/Pods-jbplanner/Pods-jbplanner-frameworks.sh",
				"${BUILT_PRODUCTS_DIR}/GCCalendar/GCCalendar.framework",
				"${BUILT_PRODUCTS_DIR}/SideMenu/SideMenu.framework",
			);
			name = "[CP] Embed Pods Frameworks";
			outputFileListPaths = (
			);
			outputPaths = (
				"${TARGET_BUILD_DIR}/${FRAMEWORKS_FOLDER_PATH}/GCCalendar.framework",
				"${TARGET_BUILD_DIR}/${FRAMEWORKS_FOLDER_PATH}/SideMenu.framework",
			);
			runOnlyForDeploymentPostprocessing = 0;
			shellPath = /bin/sh;
			shellScript = "\"${PODS_ROOT}/Target Support Files/Pods-jbplanner/Pods-jbplanner-frameworks.sh\"\n";
			showEnvVarsInLog = 0;
		};
		7E715E2A4C738F8AAE0E0882 /* [CP] Check Pods Manifest.lock */ = {
			isa = PBXShellScriptBuildPhase;
			buildActionMask = 2147483647;
			files = (
			);
			inputFileListPaths = (
			);
			inputPaths = (
				"${PODS_PODFILE_DIR_PATH}/Podfile.lock",
				"${PODS_ROOT}/Manifest.lock",
			);
			name = "[CP] Check Pods Manifest.lock";
			outputFileListPaths = (
			);
			outputPaths = (
				"$(DERIVED_FILE_DIR)/Pods-jbplanner-checkManifestLockResult.txt",
			);
			runOnlyForDeploymentPostprocessing = 0;
			shellPath = /bin/sh;
			shellScript = "diff \"${PODS_PODFILE_DIR_PATH}/Podfile.lock\" \"${PODS_ROOT}/Manifest.lock\" > /dev/null\nif [ $? != 0 ] ; then\n    # print error to STDERR\n    echo \"error: The sandbox is not in sync with the Podfile.lock. Run 'pod install' or update your CocoaPods installation.\" >&2\n    exit 1\nfi\n# This output is used by Xcode 'outputs' to avoid re-running this script phase.\necho \"SUCCESS\" > \"${SCRIPT_OUTPUT_FILE_0}\"\n";
			showEnvVarsInLog = 0;
		};
/* End PBXShellScriptBuildPhase section */

/* Begin PBXSourcesBuildPhase section */
		DBB9A82721CC110E00129C92 /* Sources */ = {
			isa = PBXSourcesBuildPhase;
			buildActionMask = 2147483647;
			files = (
				DBCCEB1721DE2CE800ABFCF3 /* TaskInfoCell.swift in Sources */,
				DBD00C532278C13A0063E311 /* FiltersController.swift in Sources */,
				DBCCEAF721D77D6400ABFCF3 /* TaskExtension.swift in Sources */,
				DBB9A83121CC110E00129C92 /* TaskDetailsController.swift in Sources */,
				DBD00C552278C5AD0063E311 /* TaskSearchDao.swift in Sources */,
				DBCCEB0521DA145C00ABFCF3 /* CategoryDaoDbImpl.swift in Sources */,
				DBCCEB1121DE25CD00ABFCF3 /* TaskCategoryCell.swift in Sources */,
				DBB79E2621E51F50002FA52C /* TaskInfoController.swift in Sources */,
				DBE94DF221E7B7D900748641 /* QuickTaskCell.swift in Sources */,
				DBCCEAF521D77B3C00ABFCF3 /* DateExtension.swift in Sources */,
				DBDF95E121E2720600655512 /* DictionaryController.swift in Sources */,
				DBCCEB1321DE2CC300ABFCF3 /* TaskPriorityCell.swift in Sources */,
				DBB9A82F21CC110E00129C92 /* AppDelegate.swift in Sources */,
				DBCCEB1F21E22BEB00ABFCF3 /* CategoryListController.swift in Sources */,
				DB21D915222DAFB800C5958D /* DatetimePickerController.swift in Sources */,
				DB116BD621D11BCB0070F13D /* TaskListController.swift in Sources */,
				DBCCEB0921DA175900ABFCF3 /* PriorityDaoDbImpl.swift in Sources */,
				DBD00C5A227B2A710063E311 /* DictionaryDao.swift in Sources */,
				DB383D32225BAE60006F756F /* SideMenuController.swift in Sources */,
				DBCCEB2321E2358500ABFCF3 /* PriorityListController.swift in Sources */,
				DB21D917222DB0C400C5958D /* UIViewControllerExtension.swift in Sources */,
				DBCCEB0F21DE24F600ABFCF3 /* TaskNameCell.swift in Sources */,
				DBE783A721D26FE800512370 /* TaskListCell.swift in Sources */,
				DBCCEB1521DE2CD600ABFCF3 /* TaskDeadlineCell.swift in Sources */,
				DBD00C5C227B2B3D0063E311 /* Checkable.swift in Sources */,
				DBCCEB1C21E20C0200ABFCF3 /* ActionResultDelegate.swift in Sources */,
				DBB9A83721CC110E00129C92 /* jbplanner.xcdatamodeld in Sources */,
				DBE406AE21F0A83300779C8D /* CommonSearchDAO.swift in Sources */,
				DB383D35225BAEDB006F756F /* SideMenuCell.swift in Sources */,
				DBCCEB2121E22C4C00ABFCF3 /* CategoryListCell.swift in Sources */,
				DB0F7B9321EA2B7200DA398B /* TaskDao.swift in Sources */,
				DBB79E2421E4CD36002FA52C /* AreaTapButton.swift in Sources */,
				DBD00C582278CB700063E311 /* PrefsManager.swift in Sources */,
				DBCCEB0B21DA208800ABFCF3 /* Crud.swift in Sources */,
				DBCCEB0721DA16BA00ABFCF3 /* TaskDaoDbImpl.swift in Sources */,
				DBCCEB2521E2364500ABFCF3 /* PriorityListCell.swift in Sources */,
			);
			runOnlyForDeploymentPostprocessing = 0;
		};
/* End PBXSourcesBuildPhase section */

/* Begin PBXVariantGroup section */
		DBB9A83221CC110E00129C92 /* Main.storyboard */ = {
			isa = PBXVariantGroup;
			children = (
				DBB9A83321CC110E00129C92 /* Base */,
			);
			name = Main.storyboard;
			sourceTree = "<group>";
		};
		DBB9A83A21CC111400129C92 /* LaunchScreen.storyboard */ = {
			isa = PBXVariantGroup;
			children = (
				DBB9A83B21CC111400129C92 /* Base */,
			);
			name = LaunchScreen.storyboard;
			sourceTree = "<group>";
		};
/* End PBXVariantGroup section */

/* Begin XCBuildConfiguration section */
		DBB9A83E21CC111400129C92 /* Debug */ = {
			isa = XCBuildConfiguration;
			buildSettings = {
				ALWAYS_SEARCH_USER_PATHS = NO;
				CLANG_ANALYZER_NONNULL = YES;
				CLANG_ANALYZER_NUMBER_OBJECT_CONVERSION = YES_AGGRESSIVE;
				CLANG_CXX_LANGUAGE_STANDARD = "gnu++14";
				CLANG_CXX_LIBRARY = "libc++";
				CLANG_ENABLE_MODULES = YES;
				CLANG_ENABLE_OBJC_ARC = YES;
				CLANG_ENABLE_OBJC_WEAK = YES;
				CLANG_WARN_BLOCK_CAPTURE_AUTORELEASING = YES;
				CLANG_WARN_BOOL_CONVERSION = YES;
				CLANG_WARN_COMMA = YES;
				CLANG_WARN_CONSTANT_CONVERSION = YES;
				CLANG_WARN_DEPRECATED_OBJC_IMPLEMENTATIONS = YES;
				CLANG_WARN_DIRECT_OBJC_ISA_USAGE = YES_ERROR;
				CLANG_WARN_DOCUMENTATION_COMMENTS = YES;
				CLANG_WARN_EMPTY_BODY = YES;
				CLANG_WARN_ENUM_CONVERSION = YES;
				CLANG_WARN_INFINITE_RECURSION = YES;
				CLANG_WARN_INT_CONVERSION = YES;
				CLANG_WARN_NON_LITERAL_NULL_CONVERSION = YES;
				CLANG_WARN_OBJC_IMPLICIT_RETAIN_SELF = YES;
				CLANG_WARN_OBJC_LITERAL_CONVERSION = YES;
				CLANG_WARN_OBJC_ROOT_CLASS = YES_ERROR;
				CLANG_WARN_RANGE_LOOP_ANALYSIS = YES;
				CLANG_WARN_STRICT_PROTOTYPES = YES;
				CLANG_WARN_SUSPICIOUS_MOVE = YES;
				CLANG_WARN_UNGUARDED_AVAILABILITY = YES_AGGRESSIVE;
				CLANG_WARN_UNREACHABLE_CODE = YES;
				CLANG_WARN__DUPLICATE_METHOD_MATCH = YES;
				CODE_SIGN_IDENTITY = "iPhone Developer";
				COPY_PHASE_STRIP = NO;
				DEBUG_INFORMATION_FORMAT = dwarf;
				ENABLE_STRICT_OBJC_MSGSEND = YES;
				ENABLE_TESTABILITY = YES;
				GCC_C_LANGUAGE_STANDARD = gnu11;
				GCC_DYNAMIC_NO_PIC = NO;
				GCC_NO_COMMON_BLOCKS = YES;
				GCC_OPTIMIZATION_LEVEL = 0;
				GCC_PREPROCESSOR_DEFINITIONS = (
					"DEBUG=1",
					"$(inherited)",
				);
				GCC_WARN_64_TO_32_BIT_CONVERSION = YES;
				GCC_WARN_ABOUT_RETURN_TYPE = YES_ERROR;
				GCC_WARN_UNDECLARED_SELECTOR = YES;
				GCC_WARN_UNINITIALIZED_AUTOS = YES_AGGRESSIVE;
				GCC_WARN_UNUSED_FUNCTION = YES;
				GCC_WARN_UNUSED_VARIABLE = YES;
				IPHONEOS_DEPLOYMENT_TARGET = 11.1;
				MTL_ENABLE_DEBUG_INFO = INCLUDE_SOURCE;
				MTL_FAST_MATH = YES;
				ONLY_ACTIVE_ARCH = YES;
				SDKROOT = iphoneos;
				SWIFT_ACTIVE_COMPILATION_CONDITIONS = DEBUG;
				SWIFT_OPTIMIZATION_LEVEL = "-Onone";
			};
			name = Debug;
		};
		DBB9A83F21CC111400129C92 /* Release */ = {
			isa = XCBuildConfiguration;
			buildSettings = {
				ALWAYS_SEARCH_USER_PATHS = NO;
				CLANG_ANALYZER_NONNULL = YES;
				CLANG_ANALYZER_NUMBER_OBJECT_CONVERSION = YES_AGGRESSIVE;
				CLANG_CXX_LANGUAGE_STANDARD = "gnu++14";
				CLANG_CXX_LIBRARY = "libc++";
				CLANG_ENABLE_MODULES = YES;
				CLANG_ENABLE_OBJC_ARC = YES;
				CLANG_ENABLE_OBJC_WEAK = YES;
				CLANG_WARN_BLOCK_CAPTURE_AUTORELEASING = YES;
				CLANG_WARN_BOOL_CONVERSION = YES;
				CLANG_WARN_COMMA = YES;
				CLANG_WARN_CONSTANT_CONVERSION = YES;
				CLANG_WARN_DEPRECATED_OBJC_IMPLEMENTATIONS = YES;
				CLANG_WARN_DIRECT_OBJC_ISA_USAGE = YES_ERROR;
				CLANG_WARN_DOCUMENTATION_COMMENTS = YES;
				CLANG_WARN_EMPTY_BODY = YES;
				CLANG_WARN_ENUM_CONVERSION = YES;
				CLANG_WARN_INFINITE_RECURSION = YES;
				CLANG_WARN_INT_CONVERSION = YES;
				CLANG_WARN_NON_LITERAL_NULL_CONVERSION = YES;
				CLANG_WARN_OBJC_IMPLICIT_RETAIN_SELF = YES;
				CLANG_WARN_OBJC_LITERAL_CONVERSION = YES;
				CLANG_WARN_OBJC_ROOT_CLASS = YES_ERROR;
				CLANG_WARN_RANGE_LOOP_ANALYSIS = YES;
				CLANG_WARN_STRICT_PROTOTYPES = YES;
				CLANG_WARN_SUSPICIOUS_MOVE = YES;
				CLANG_WARN_UNGUARDED_AVAILABILITY = YES_AGGRESSIVE;
				CLANG_WARN_UNREACHABLE_CODE = YES;
				CLANG_WARN__DUPLICATE_METHOD_MATCH = YES;
				CODE_SIGN_IDENTITY = "iPhone Developer";
				COPY_PHASE_STRIP = NO;
				DEBUG_INFORMATION_FORMAT = "dwarf-with-dsym";
				ENABLE_NS_ASSERTIONS = NO;
				ENABLE_STRICT_OBJC_MSGSEND = YES;
				GCC_C_LANGUAGE_STANDARD = gnu11;
				GCC_NO_COMMON_BLOCKS = YES;
				GCC_WARN_64_TO_32_BIT_CONVERSION = YES;
				GCC_WARN_ABOUT_RETURN_TYPE = YES_ERROR;
				GCC_WARN_UNDECLARED_SELECTOR = YES;
				GCC_WARN_UNINITIALIZED_AUTOS = YES_AGGRESSIVE;
				GCC_WARN_UNUSED_FUNCTION = YES;
				GCC_WARN_UNUSED_VARIABLE = YES;
				IPHONEOS_DEPLOYMENT_TARGET = 11.1;
				MTL_ENABLE_DEBUG_INFO = NO;
				MTL_FAST_MATH = YES;
				SDKROOT = iphoneos;
				SWIFT_COMPILATION_MODE = wholemodule;
				SWIFT_OPTIMIZATION_LEVEL = "-O";
				VALIDATE_PRODUCT = YES;
			};
			name = Release;
		};
		DBB9A84121CC111400129C92 /* Debug */ = {
			isa = XCBuildConfiguration;
			baseConfigurationReference = 555C9A537EDC0BC861E9FB67 /* Pods-jbplanner.debug.xcconfig */;
			buildSettings = {
				ASSETCATALOG_COMPILER_APPICON_NAME = AppIcon;
				CODE_SIGN_STYLE = Manual;
				DEVELOPMENT_TEAM = "";
				INFOPLIST_FILE = jbplanner/Info.plist;
				IPHONEOS_DEPLOYMENT_TARGET = 11.1;
				LD_RUNPATH_SEARCH_PATHS = (
					"$(inherited)",
					"@executable_path/Frameworks",
				);
				PRODUCT_BUNDLE_IDENTIFIER = ealesid.jbplanner;
				PRODUCT_NAME = "$(TARGET_NAME)";
				PROVISIONING_PROFILE_SPECIFIER = "";
				SWIFT_VERSION = 4.2;
				TARGETED_DEVICE_FAMILY = "1,2";
			};
			name = Debug;
		};
		DBB9A84221CC111400129C92 /* Release */ = {
			isa = XCBuildConfiguration;
			baseConfigurationReference = 104E9003A198CB1B3E61937F /* Pods-jbplanner.release.xcconfig */;
			buildSettings = {
				ASSETCATALOG_COMPILER_APPICON_NAME = AppIcon;
				CODE_SIGN_STYLE = Manual;
				DEVELOPMENT_TEAM = "";
				INFOPLIST_FILE = jbplanner/Info.plist;
				IPHONEOS_DEPLOYMENT_TARGET = 11.1;
				LD_RUNPATH_SEARCH_PATHS = (
					"$(inherited)",
					"@executable_path/Frameworks",
				);
				PRODUCT_BUNDLE_IDENTIFIER = ealesid.jbplanner;
				PRODUCT_NAME = "$(TARGET_NAME)";
				PROVISIONING_PROFILE_SPECIFIER = "";
				SWIFT_VERSION = 4.2;
				TARGETED_DEVICE_FAMILY = "1,2";
			};
			name = Release;
		};
/* End XCBuildConfiguration section */

/* Begin XCConfigurationList section */
		DBB9A82621CC110E00129C92 /* Build configuration list for PBXProject "jbplanner" */ = {
			isa = XCConfigurationList;
			buildConfigurations = (
				DBB9A83E21CC111400129C92 /* Debug */,
				DBB9A83F21CC111400129C92 /* Release */,
			);
			defaultConfigurationIsVisible = 0;
			defaultConfigurationName = Release;
		};
		DBB9A84021CC111400129C92 /* Build configuration list for PBXNativeTarget "jbplanner" */ = {
			isa = XCConfigurationList;
			buildConfigurations = (
				DBB9A84121CC111400129C92 /* Debug */,
				DBB9A84221CC111400129C92 /* Release */,
			);
			defaultConfigurationIsVisible = 0;
			defaultConfigurationName = Release;
		};
/* End XCConfigurationList section */

/* Begin XCVersionGroup section */
		DBB9A83521CC110E00129C92 /* jbplanner.xcdatamodeld */ = {
			isa = XCVersionGroup;
			children = (
				DBB9A83621CC110E00129C92 /* jbplanner.xcdatamodel */,
			);
			currentVersion = DBB9A83621CC110E00129C92 /* jbplanner.xcdatamodel */;
			path = jbplanner.xcdatamodeld;
			sourceTree = "<group>";
			versionGroupType = wrapper.xcdatamodel;
		};
/* End XCVersionGroup section */
	};
	rootObject = DBB9A82321CC110E00129C92 /* Project object */;
}
